// !$*UTF8*$!
{
	archiveVersion = 1;
	classes = {
	};
	objectVersion = 46;
	objects = {

/* Begin PBXBuildFile section */
		049E2C461B0457EC0037FF21 /* WDAppDelegate.mm in Sources */ = {isa = PBXBuildFile; fileRef = 049E2C451B0457EC0037FF21 /* WDAppDelegate.mm */; };
		049E2C631B046E8C0037FF21 /* L2DBaseModel.cpp in Sources */ = {isa = PBXBuildFile; fileRef = 049E2C4A1B046E8C0037FF21 /* L2DBaseModel.cpp */; };
		049E2C641B046E8C0037FF21 /* L2DExpressionMotion.cpp in Sources */ = {isa = PBXBuildFile; fileRef = 049E2C4C1B046E8C0037FF21 /* L2DExpressionMotion.cpp */; };
		049E2C651B046E8C0037FF21 /* L2DEyeBlink.cpp in Sources */ = {isa = PBXBuildFile; fileRef = 049E2C4E1B046E8C0037FF21 /* L2DEyeBlink.cpp */; };
		049E2C661B046E8C0037FF21 /* L2DMatrix44.cpp in Sources */ = {isa = PBXBuildFile; fileRef = 049E2C501B046E8C0037FF21 /* L2DMatrix44.cpp */; };
		049E2C671B046E8C0037FF21 /* L2DModelMatrix.cpp in Sources */ = {isa = PBXBuildFile; fileRef = 049E2C521B046E8C0037FF21 /* L2DModelMatrix.cpp */; };
		049E2C681B046E8C0037FF21 /* L2DMotionManager.cpp in Sources */ = {isa = PBXBuildFile; fileRef = 049E2C541B046E8C0037FF21 /* L2DMotionManager.cpp */; };
		049E2C691B046E8C0037FF21 /* L2DPhysics.cpp in Sources */ = {isa = PBXBuildFile; fileRef = 049E2C561B046E8C0037FF21 /* L2DPhysics.cpp */; };
		049E2C6A1B046E8C0037FF21 /* L2DPose.cpp in Sources */ = {isa = PBXBuildFile; fileRef = 049E2C581B046E8C0037FF21 /* L2DPose.cpp */; };
		049E2C6B1B046E8C0037FF21 /* L2DTargetPoint.cpp in Sources */ = {isa = PBXBuildFile; fileRef = 049E2C5B1B046E8C0037FF21 /* L2DTargetPoint.cpp */; };
		049E2C6C1B046E8C0037FF21 /* L2DTextureDesc.cpp in Sources */ = {isa = PBXBuildFile; fileRef = 049E2C5D1B046E8C0037FF21 /* L2DTextureDesc.cpp */; };
		049E2C6D1B046E8C0037FF21 /* L2DViewMatrix.cpp in Sources */ = {isa = PBXBuildFile; fileRef = 049E2C5F1B046E8C0037FF21 /* L2DViewMatrix.cpp */; };
		049E2C6E1B046E8C0037FF21 /* Live2DFramework.cpp in Sources */ = {isa = PBXBuildFile; fileRef = 049E2C611B046E8C0037FF21 /* Live2DFramework.cpp */; };
		049E2C901B046FD90037FF21 /* DELive2dViewController.mm in Sources */ = {isa = PBXBuildFile; fileRef = 049E2C721B046FD90037FF21 /* DELive2dViewController.mm */; };
		049E2C911B046FD90037FF21 /* LAppLive2DManager.mm in Sources */ = {isa = PBXBuildFile; fileRef = 049E2C761B046FD90037FF21 /* LAppLive2DManager.mm */; };
		049E2C921B046FD90037FF21 /* LAppModel.mm in Sources */ = {isa = PBXBuildFile; fileRef = 049E2C781B046FD90037FF21 /* LAppModel.mm */; };
		049E2C931B046FD90037FF21 /* LAppRenderer.mm in Sources */ = {isa = PBXBuildFile; fileRef = 049E2C7A1B046FD90037FF21 /* LAppRenderer.mm */; };
		049E2C941B046FD90037FF21 /* LAppTextureDesc.mm in Sources */ = {isa = PBXBuildFile; fileRef = 049E2C7C1B046FD90037FF21 /* LAppTextureDesc.mm */; };
		049E2C951B046FD90037FF21 /* LAppView.mm in Sources */ = {isa = PBXBuildFile; fileRef = 049E2C7E1B046FD90037FF21 /* LAppView.mm */; };
		049E2C961B046FD90037FF21 /* AccelHelper.mm in Sources */ = {isa = PBXBuildFile; fileRef = 049E2C811B046FD90037FF21 /* AccelHelper.mm */; };
		049E2C971B046FD90037FF21 /* FileManager.mm in Sources */ = {isa = PBXBuildFile; fileRef = 049E2C831B046FD90037FF21 /* FileManager.mm */; };
		049E2C981B046FD90037FF21 /* IPhoneUtil.mm in Sources */ = {isa = PBXBuildFile; fileRef = 049E2C851B046FD90037FF21 /* IPhoneUtil.mm */; };
		049E2C991B046FD90037FF21 /* OffScreenImage.mm in Sources */ = {isa = PBXBuildFile; fileRef = 049E2C891B046FD90037FF21 /* OffScreenImage.mm */; };
		049E2C9A1B046FD90037FF21 /* PlatformManager.mm in Sources */ = {isa = PBXBuildFile; fileRef = 049E2C8B1B046FD90037FF21 /* PlatformManager.mm */; };
		049E2C9B1B046FD90037FF21 /* SimpleImage.mm in Sources */ = {isa = PBXBuildFile; fileRef = 049E2C8D1B046FD90037FF21 /* SimpleImage.mm */; };
		049E2C9C1B046FD90037FF21 /* TouchManager.mm in Sources */ = {isa = PBXBuildFile; fileRef = 049E2C8F1B046FD90037FF21 /* TouchManager.mm */; };
		049E2CA01B04728F0037FF21 /* live2d in Resources */ = {isa = PBXBuildFile; fileRef = 049E2C9F1B04728F0037FF21 /* live2d */; };
		04D3534E1B044D7D00A9CDAF /* main.m in Sources */ = {isa = PBXBuildFile; fileRef = 04D3534D1B044D7D00A9CDAF /* main.m */; };
		04D353541B044D7D00A9CDAF /* ViewController.m in Sources */ = {isa = PBXBuildFile; fileRef = 04D353531B044D7D00A9CDAF /* ViewController.m */; };
		04D353571B044D7D00A9CDAF /* Main.storyboard in Resources */ = {isa = PBXBuildFile; fileRef = 04D353551B044D7D00A9CDAF /* Main.storyboard */; };
		04D353591B044D7D00A9CDAF /* Images.xcassets in Resources */ = {isa = PBXBuildFile; fileRef = 04D353581B044D7D00A9CDAF /* Images.xcassets */; };
		04D353681B044D7D00A9CDAF /* We_DateTests.m in Sources */ = {isa = PBXBuildFile; fileRef = 04D353671B044D7D00A9CDAF /* We_DateTests.m */; };
		1E2FEE6332E25DB8CB30AA72 /* libPods-We_Date.a in Frameworks */ = {isa = PBXBuildFile; fileRef = 1FC3D1A2F7CF1A7909A602FA /* libPods-We_Date.a */; };
/* End PBXBuildFile section */

/* Begin PBXContainerItemProxy section */
		04D353621B044D7D00A9CDAF /* PBXContainerItemProxy */ = {
			isa = PBXContainerItemProxy;
			containerPortal = 04D353401B044D7D00A9CDAF /* Project object */;
			proxyType = 1;
			remoteGlobalIDString = 04D353471B044D7D00A9CDAF;
			remoteInfo = We_Date;
		};
/* End PBXContainerItemProxy section */

/* Begin PBXFileReference section */
		049E2C441B0457EC0037FF21 /* WDAppDelegate.h */ = {isa = PBXFileReference; fileEncoding = 4; lastKnownFileType = sourcecode.c.h; path = WDAppDelegate.h; sourceTree = "<group>"; };
		049E2C451B0457EC0037FF21 /* WDAppDelegate.mm */ = {isa = PBXFileReference; fileEncoding = 4; lastKnownFileType = sourcecode.cpp.objcpp; path = WDAppDelegate.mm; sourceTree = "<group>"; };
		049E2C491B046E8C0037FF21 /* IPlatformManager.h */ = {isa = PBXFileReference; fileEncoding = 4; lastKnownFileType = sourcecode.c.h; path = IPlatformManager.h; sourceTree = "<group>"; };
		049E2C4A1B046E8C0037FF21 /* L2DBaseModel.cpp */ = {isa = PBXFileReference; fileEncoding = 4; lastKnownFileType = sourcecode.cpp.cpp; path = L2DBaseModel.cpp; sourceTree = "<group>"; };
		049E2C4B1B046E8C0037FF21 /* L2DBaseModel.h */ = {isa = PBXFileReference; fileEncoding = 4; lastKnownFileType = sourcecode.c.h; path = L2DBaseModel.h; sourceTree = "<group>"; };
		049E2C4C1B046E8C0037FF21 /* L2DExpressionMotion.cpp */ = {isa = PBXFileReference; fileEncoding = 4; lastKnownFileType = sourcecode.cpp.cpp; path = L2DExpressionMotion.cpp; sourceTree = "<group>"; };
		049E2C4D1B046E8C0037FF21 /* L2DExpressionMotion.h */ = {isa = PBXFileReference; fileEncoding = 4; lastKnownFileType = sourcecode.c.h; path = L2DExpressionMotion.h; sourceTree = "<group>"; };
		049E2C4E1B046E8C0037FF21 /* L2DEyeBlink.cpp */ = {isa = PBXFileReference; fileEncoding = 4; lastKnownFileType = sourcecode.cpp.cpp; path = L2DEyeBlink.cpp; sourceTree = "<group>"; };
		049E2C4F1B046E8C0037FF21 /* L2DEyeBlink.h */ = {isa = PBXFileReference; fileEncoding = 4; lastKnownFileType = sourcecode.c.h; path = L2DEyeBlink.h; sourceTree = "<group>"; };
		049E2C501B046E8C0037FF21 /* L2DMatrix44.cpp */ = {isa = PBXFileReference; fileEncoding = 4; lastKnownFileType = sourcecode.cpp.cpp; path = L2DMatrix44.cpp; sourceTree = "<group>"; };
		049E2C511B046E8C0037FF21 /* L2DMatrix44.h */ = {isa = PBXFileReference; fileEncoding = 4; lastKnownFileType = sourcecode.c.h; path = L2DMatrix44.h; sourceTree = "<group>"; };
		049E2C521B046E8C0037FF21 /* L2DModelMatrix.cpp */ = {isa = PBXFileReference; fileEncoding = 4; lastKnownFileType = sourcecode.cpp.cpp; path = L2DModelMatrix.cpp; sourceTree = "<group>"; };
		049E2C531B046E8C0037FF21 /* L2DModelMatrix.h */ = {isa = PBXFileReference; fileEncoding = 4; lastKnownFileType = sourcecode.c.h; path = L2DModelMatrix.h; sourceTree = "<group>"; };
		049E2C541B046E8C0037FF21 /* L2DMotionManager.cpp */ = {isa = PBXFileReference; fileEncoding = 4; lastKnownFileType = sourcecode.cpp.cpp; path = L2DMotionManager.cpp; sourceTree = "<group>"; };
		049E2C551B046E8C0037FF21 /* L2DMotionManager.h */ = {isa = PBXFileReference; fileEncoding = 4; lastKnownFileType = sourcecode.c.h; path = L2DMotionManager.h; sourceTree = "<group>"; };
		049E2C561B046E8C0037FF21 /* L2DPhysics.cpp */ = {isa = PBXFileReference; fileEncoding = 4; lastKnownFileType = sourcecode.cpp.cpp; path = L2DPhysics.cpp; sourceTree = "<group>"; };
		049E2C571B046E8C0037FF21 /* L2DPhysics.h */ = {isa = PBXFileReference; fileEncoding = 4; lastKnownFileType = sourcecode.c.h; path = L2DPhysics.h; sourceTree = "<group>"; };
		049E2C581B046E8C0037FF21 /* L2DPose.cpp */ = {isa = PBXFileReference; fileEncoding = 4; lastKnownFileType = sourcecode.cpp.cpp; path = L2DPose.cpp; sourceTree = "<group>"; };
		049E2C591B046E8C0037FF21 /* L2DPose.h */ = {isa = PBXFileReference; fileEncoding = 4; lastKnownFileType = sourcecode.c.h; path = L2DPose.h; sourceTree = "<group>"; };
		049E2C5A1B046E8C0037FF21 /* L2DStandardID.h */ = {isa = PBXFileReference; fileEncoding = 4; lastKnownFileType = sourcecode.c.h; path = L2DStandardID.h; sourceTree = "<group>"; };
		049E2C5B1B046E8C0037FF21 /* L2DTargetPoint.cpp */ = {isa = PBXFileReference; fileEncoding = 4; lastKnownFileType = sourcecode.cpp.cpp; path = L2DTargetPoint.cpp; sourceTree = "<group>"; };
		049E2C5C1B046E8C0037FF21 /* L2DTargetPoint.h */ = {isa = PBXFileReference; fileEncoding = 4; lastKnownFileType = sourcecode.c.h; path = L2DTargetPoint.h; sourceTree = "<group>"; };
		049E2C5D1B046E8C0037FF21 /* L2DTextureDesc.cpp */ = {isa = PBXFileReference; fileEncoding = 4; lastKnownFileType = sourcecode.cpp.cpp; path = L2DTextureDesc.cpp; sourceTree = "<group>"; };
		049E2C5E1B046E8C0037FF21 /* L2DTextureDesc.h */ = {isa = PBXFileReference; fileEncoding = 4; lastKnownFileType = sourcecode.c.h; path = L2DTextureDesc.h; sourceTree = "<group>"; };
		049E2C5F1B046E8C0037FF21 /* L2DViewMatrix.cpp */ = {isa = PBXFileReference; fileEncoding = 4; lastKnownFileType = sourcecode.cpp.cpp; path = L2DViewMatrix.cpp; sourceTree = "<group>"; };
		049E2C601B046E8C0037FF21 /* L2DViewMatrix.h */ = {isa = PBXFileReference; fileEncoding = 4; lastKnownFileType = sourcecode.c.h; path = L2DViewMatrix.h; sourceTree = "<group>"; };
		049E2C611B046E8C0037FF21 /* Live2DFramework.cpp */ = {isa = PBXFileReference; fileEncoding = 4; lastKnownFileType = sourcecode.cpp.cpp; path = Live2DFramework.cpp; sourceTree = "<group>"; };
		049E2C621B046E8C0037FF21 /* Live2DFramework.h */ = {isa = PBXFileReference; fileEncoding = 4; lastKnownFileType = sourcecode.c.h; path = Live2DFramework.h; sourceTree = "<group>"; };
		049E2C711B046FD90037FF21 /* DELive2dViewController.h */ = {isa = PBXFileReference; fileEncoding = 4; lastKnownFileType = sourcecode.c.h; path = DELive2dViewController.h; sourceTree = "<group>"; };
		049E2C721B046FD90037FF21 /* DELive2dViewController.mm */ = {isa = PBXFileReference; fileEncoding = 4; lastKnownFileType = sourcecode.cpp.objcpp; path = DELive2dViewController.mm; sourceTree = "<group>"; };
		049E2C741B046FD90037FF21 /* LAppDefine.h */ = {isa = PBXFileReference; fileEncoding = 4; lastKnownFileType = sourcecode.c.h; path = LAppDefine.h; sourceTree = "<group>"; };
		049E2C751B046FD90037FF21 /* LAppLive2DManager.h */ = {isa = PBXFileReference; fileEncoding = 4; lastKnownFileType = sourcecode.c.h; path = LAppLive2DManager.h; sourceTree = "<group>"; };
		049E2C761B046FD90037FF21 /* LAppLive2DManager.mm */ = {isa = PBXFileReference; fileEncoding = 4; lastKnownFileType = sourcecode.cpp.objcpp; path = LAppLive2DManager.mm; sourceTree = "<group>"; };
		049E2C771B046FD90037FF21 /* LAppModel.h */ = {isa = PBXFileReference; fileEncoding = 4; lastKnownFileType = sourcecode.c.h; path = LAppModel.h; sourceTree = "<group>"; };
		049E2C781B046FD90037FF21 /* LAppModel.mm */ = {isa = PBXFileReference; fileEncoding = 4; lastKnownFileType = sourcecode.cpp.objcpp; path = LAppModel.mm; sourceTree = "<group>"; };
		049E2C791B046FD90037FF21 /* LAppRenderer.h */ = {isa = PBXFileReference; fileEncoding = 4; lastKnownFileType = sourcecode.c.h; path = LAppRenderer.h; sourceTree = "<group>"; };
		049E2C7A1B046FD90037FF21 /* LAppRenderer.mm */ = {isa = PBXFileReference; fileEncoding = 4; lastKnownFileType = sourcecode.cpp.objcpp; path = LAppRenderer.mm; sourceTree = "<group>"; };
		049E2C7B1B046FD90037FF21 /* LAppTextureDesc.h */ = {isa = PBXFileReference; fileEncoding = 4; lastKnownFileType = sourcecode.c.h; path = LAppTextureDesc.h; sourceTree = "<group>"; };
		049E2C7C1B046FD90037FF21 /* LAppTextureDesc.mm */ = {isa = PBXFileReference; fileEncoding = 4; lastKnownFileType = sourcecode.cpp.objcpp; path = LAppTextureDesc.mm; sourceTree = "<group>"; };
		049E2C7D1B046FD90037FF21 /* LAppView.h */ = {isa = PBXFileReference; fileEncoding = 4; lastKnownFileType = sourcecode.c.h; path = LAppView.h; sourceTree = "<group>"; };
		049E2C7E1B046FD90037FF21 /* LAppView.mm */ = {isa = PBXFileReference; fileEncoding = 4; lastKnownFileType = sourcecode.cpp.objcpp; path = LAppView.mm; sourceTree = "<group>"; };
		049E2C801B046FD90037FF21 /* AccelHelper.h */ = {isa = PBXFileReference; fileEncoding = 4; lastKnownFileType = sourcecode.c.h; path = AccelHelper.h; sourceTree = "<group>"; };
		049E2C811B046FD90037FF21 /* AccelHelper.mm */ = {isa = PBXFileReference; fileEncoding = 4; lastKnownFileType = sourcecode.cpp.objcpp; path = AccelHelper.mm; sourceTree = "<group>"; };
		049E2C821B046FD90037FF21 /* FileManager.h */ = {isa = PBXFileReference; fileEncoding = 4; lastKnownFileType = sourcecode.c.h; path = FileManager.h; sourceTree = "<group>"; };
		049E2C831B046FD90037FF21 /* FileManager.mm */ = {isa = PBXFileReference; fileEncoding = 4; lastKnownFileType = sourcecode.cpp.objcpp; path = FileManager.mm; sourceTree = "<group>"; };
		049E2C841B046FD90037FF21 /* IPhoneUtil.h */ = {isa = PBXFileReference; fileEncoding = 4; lastKnownFileType = sourcecode.c.h; path = IPhoneUtil.h; sourceTree = "<group>"; };
		049E2C851B046FD90037FF21 /* IPhoneUtil.mm */ = {isa = PBXFileReference; fileEncoding = 4; lastKnownFileType = sourcecode.cpp.objcpp; path = IPhoneUtil.mm; sourceTree = "<group>"; };
		049E2C861B046FD90037FF21 /* ModelSetting.h */ = {isa = PBXFileReference; fileEncoding = 4; lastKnownFileType = sourcecode.c.h; path = ModelSetting.h; sourceTree = "<group>"; };
		049E2C871B046FD90037FF21 /* ModelSettingJson.h */ = {isa = PBXFileReference; fileEncoding = 4; lastKnownFileType = sourcecode.c.h; path = ModelSettingJson.h; sourceTree = "<group>"; };
		049E2C881B046FD90037FF21 /* OffScreenImage.h */ = {isa = PBXFileReference; fileEncoding = 4; lastKnownFileType = sourcecode.c.h; path = OffScreenImage.h; sourceTree = "<group>"; };
		049E2C891B046FD90037FF21 /* OffScreenImage.mm */ = {isa = PBXFileReference; fileEncoding = 4; lastKnownFileType = sourcecode.cpp.objcpp; path = OffScreenImage.mm; sourceTree = "<group>"; };
		049E2C8A1B046FD90037FF21 /* PlatformManager.h */ = {isa = PBXFileReference; fileEncoding = 4; lastKnownFileType = sourcecode.c.h; path = PlatformManager.h; sourceTree = "<group>"; };
		049E2C8B1B046FD90037FF21 /* PlatformManager.mm */ = {isa = PBXFileReference; fileEncoding = 4; lastKnownFileType = sourcecode.cpp.objcpp; path = PlatformManager.mm; sourceTree = "<group>"; };
		049E2C8C1B046FD90037FF21 /* SimpleImage.h */ = {isa = PBXFileReference; fileEncoding = 4; lastKnownFileType = sourcecode.c.h; path = SimpleImage.h; sourceTree = "<group>"; };
		049E2C8D1B046FD90037FF21 /* SimpleImage.mm */ = {isa = PBXFileReference; fileEncoding = 4; lastKnownFileType = sourcecode.cpp.objcpp; path = SimpleImage.mm; sourceTree = "<group>"; };
		049E2C8E1B046FD90037FF21 /* TouchManager.h */ = {isa = PBXFileReference; fileEncoding = 4; lastKnownFileType = sourcecode.c.h; path = TouchManager.h; sourceTree = "<group>"; };
		049E2C8F1B046FD90037FF21 /* TouchManager.mm */ = {isa = PBXFileReference; fileEncoding = 4; lastKnownFileType = sourcecode.cpp.objcpp; path = TouchManager.mm; sourceTree = "<group>"; };
		049E2C9D1B0470250037FF21 /* We_Date-Prefix.pch */ = {isa = PBXFileReference; lastKnownFileType = sourcecode.c.h; path = "We_Date-Prefix.pch"; sourceTree = "<group>"; };
		049E2C9F1B04728F0037FF21 /* live2d */ = {isa = PBXFileReference; lastKnownFileType = folder; name = live2d; path = Resource/live2d; sourceTree = "<group>"; };
		04D353481B044D7D00A9CDAF /* We_Date.app */ = {isa = PBXFileReference; explicitFileType = wrapper.application; includeInIndex = 0; path = We_Date.app; sourceTree = BUILT_PRODUCTS_DIR; };
		04D3534C1B044D7D00A9CDAF /* Info.plist */ = {isa = PBXFileReference; lastKnownFileType = text.plist.xml; path = Info.plist; sourceTree = "<group>"; };
		04D3534D1B044D7D00A9CDAF /* main.m */ = {isa = PBXFileReference; lastKnownFileType = sourcecode.c.objc; path = main.m; sourceTree = "<group>"; };
		04D353521B044D7D00A9CDAF /* ViewController.h */ = {isa = PBXFileReference; lastKnownFileType = sourcecode.c.h; path = ViewController.h; sourceTree = "<group>"; };
		04D353531B044D7D00A9CDAF /* ViewController.m */ = {isa = PBXFileReference; lastKnownFileType = sourcecode.c.objc; path = ViewController.m; sourceTree = "<group>"; };
		04D353561B044D7D00A9CDAF /* Base */ = {isa = PBXFileReference; lastKnownFileType = file.storyboard; name = Base; path = Base.lproj/Main.storyboard; sourceTree = "<group>"; };
		04D353581B044D7D00A9CDAF /* Images.xcassets */ = {isa = PBXFileReference; lastKnownFileType = folder.assetcatalog; path = Images.xcassets; sourceTree = "<group>"; };
		04D353611B044D7D00A9CDAF /* We_DateTests.xctest */ = {isa = PBXFileReference; explicitFileType = wrapper.cfbundle; includeInIndex = 0; path = We_DateTests.xctest; sourceTree = BUILT_PRODUCTS_DIR; };
		04D353661B044D7D00A9CDAF /* Info.plist */ = {isa = PBXFileReference; lastKnownFileType = text.plist.xml; path = Info.plist; sourceTree = "<group>"; };
		04D353671B044D7D00A9CDAF /* We_DateTests.m */ = {isa = PBXFileReference; lastKnownFileType = sourcecode.c.objc; path = We_DateTests.m; sourceTree = "<group>"; };
		1FC3D1A2F7CF1A7909A602FA /* libPods-We_Date.a */ = {isa = PBXFileReference; explicitFileType = archive.ar; includeInIndex = 0; path = "libPods-We_Date.a"; sourceTree = BUILT_PRODUCTS_DIR; };
		95D1C0F3E9D96F758ECFA0DC /* Pods-We_Date.release.xcconfig */ = {isa = PBXFileReference; includeInIndex = 1; lastKnownFileType = text.xcconfig; name = "Pods-We_Date.release.xcconfig"; path = "Pods/Target Support Files/Pods-We_Date/Pods-We_Date.release.xcconfig"; sourceTree = "<group>"; };
		A8543172D1A7A00B320C1440 /* Pods-We_Date.debug.xcconfig */ = {isa = PBXFileReference; includeInIndex = 1; lastKnownFileType = text.xcconfig; name = "Pods-We_Date.debug.xcconfig"; path = "Pods/Target Support Files/Pods-We_Date/Pods-We_Date.debug.xcconfig"; sourceTree = "<group>"; };
/* End PBXFileReference section */

/* Begin PBXFrameworksBuildPhase section */
		04D353451B044D7D00A9CDAF /* Frameworks */ = {
			isa = PBXFrameworksBuildPhase;
			buildActionMask = 2147483647;
			files = (
				1E2FEE6332E25DB8CB30AA72 /* libPods-We_Date.a in Frameworks */,
			);
			runOnlyForDeploymentPostprocessing = 0;
		};
		04D3535E1B044D7D00A9CDAF /* Frameworks */ = {
			isa = PBXFrameworksBuildPhase;
			buildActionMask = 2147483647;
			files = (
			);
			runOnlyForDeploymentPostprocessing = 0;
		};
/* End PBXFrameworksBuildPhase section */

/* Begin PBXGroup section */
		049E2C431B0457EC0037FF21 /* AppDelegate */ = {
			isa = PBXGroup;
			children = (
				049E2C441B0457EC0037FF21 /* WDAppDelegate.h */,
				049E2C451B0457EC0037FF21 /* WDAppDelegate.mm */,
			);
			path = AppDelegate;
			sourceTree = "<group>";
		};
		049E2C471B046DEF0037FF21 /* Resource */ = {
			isa = PBXGroup;
			children = (
				049E2C9E1B0470DF0037FF21 /* Live2d */,
				049E2C6F1B046F3A0037FF21 /* Live2dSDK */,
			);
			name = Resource;
			sourceTree = "<group>";
		};
		049E2C481B046E8C0037FF21 /* framework */ = {
			isa = PBXGroup;
			children = (
				049E2C491B046E8C0037FF21 /* IPlatformManager.h */,
				049E2C4A1B046E8C0037FF21 /* L2DBaseModel.cpp */,
				049E2C4B1B046E8C0037FF21 /* L2DBaseModel.h */,
				049E2C4C1B046E8C0037FF21 /* L2DExpressionMotion.cpp */,
				049E2C4D1B046E8C0037FF21 /* L2DExpressionMotion.h */,
				049E2C4E1B046E8C0037FF21 /* L2DEyeBlink.cpp */,
				049E2C4F1B046E8C0037FF21 /* L2DEyeBlink.h */,
				049E2C501B046E8C0037FF21 /* L2DMatrix44.cpp */,
				049E2C511B046E8C0037FF21 /* L2DMatrix44.h */,
				049E2C521B046E8C0037FF21 /* L2DModelMatrix.cpp */,
				049E2C531B046E8C0037FF21 /* L2DModelMatrix.h */,
				049E2C541B046E8C0037FF21 /* L2DMotionManager.cpp */,
				049E2C551B046E8C0037FF21 /* L2DMotionManager.h */,
				049E2C561B046E8C0037FF21 /* L2DPhysics.cpp */,
				049E2C571B046E8C0037FF21 /* L2DPhysics.h */,
				049E2C581B046E8C0037FF21 /* L2DPose.cpp */,
				049E2C591B046E8C0037FF21 /* L2DPose.h */,
				049E2C5A1B046E8C0037FF21 /* L2DStandardID.h */,
				049E2C5B1B046E8C0037FF21 /* L2DTargetPoint.cpp */,
				049E2C5C1B046E8C0037FF21 /* L2DTargetPoint.h */,
				049E2C5D1B046E8C0037FF21 /* L2DTextureDesc.cpp */,
				049E2C5E1B046E8C0037FF21 /* L2DTextureDesc.h */,
				049E2C5F1B046E8C0037FF21 /* L2DViewMatrix.cpp */,
				049E2C601B046E8C0037FF21 /* L2DViewMatrix.h */,
				049E2C611B046E8C0037FF21 /* Live2DFramework.cpp */,
				049E2C621B046E8C0037FF21 /* Live2DFramework.h */,
			);
			name = framework;
			path = Live2d/framework;
			sourceTree = "<group>";
		};
		049E2C6F1B046F3A0037FF21 /* Live2dSDK */ = {
			isa = PBXGroup;
			children = (
				049E2C701B046FD90037FF21 /* Live2dManager */,
				049E2C731B046FD90037FF21 /* sample */,
				049E2C7F1B046FD90037FF21 /* utils */,
				049E2C481B046E8C0037FF21 /* framework */,
			);
			name = Live2dSDK;
			sourceTree = "<group>";
		};
		049E2C701B046FD90037FF21 /* Live2dManager */ = {
			isa = PBXGroup;
			children = (
				049E2C711B046FD90037FF21 /* DELive2dViewController.h */,
				049E2C721B046FD90037FF21 /* DELive2dViewController.mm */,
			);
			name = Live2dManager;
			path = Live2d/Live2dManager;
			sourceTree = "<group>";
		};
		049E2C731B046FD90037FF21 /* sample */ = {
			isa = PBXGroup;
			children = (
				049E2C741B046FD90037FF21 /* LAppDefine.h */,
				049E2C751B046FD90037FF21 /* LAppLive2DManager.h */,
				049E2C761B046FD90037FF21 /* LAppLive2DManager.mm */,
				049E2C771B046FD90037FF21 /* LAppModel.h */,
				049E2C781B046FD90037FF21 /* LAppModel.mm */,
				049E2C791B046FD90037FF21 /* LAppRenderer.h */,
				049E2C7A1B046FD90037FF21 /* LAppRenderer.mm */,
				049E2C7B1B046FD90037FF21 /* LAppTextureDesc.h */,
				049E2C7C1B046FD90037FF21 /* LAppTextureDesc.mm */,
				049E2C7D1B046FD90037FF21 /* LAppView.h */,
				049E2C7E1B046FD90037FF21 /* LAppView.mm */,
			);
			name = sample;
			path = Live2d/sample;
			sourceTree = "<group>";
		};
		049E2C7F1B046FD90037FF21 /* utils */ = {
			isa = PBXGroup;
			children = (
				049E2C801B046FD90037FF21 /* AccelHelper.h */,
				049E2C811B046FD90037FF21 /* AccelHelper.mm */,
				049E2C821B046FD90037FF21 /* FileManager.h */,
				049E2C831B046FD90037FF21 /* FileManager.mm */,
				049E2C841B046FD90037FF21 /* IPhoneUtil.h */,
				049E2C851B046FD90037FF21 /* IPhoneUtil.mm */,
				049E2C861B046FD90037FF21 /* ModelSetting.h */,
				049E2C871B046FD90037FF21 /* ModelSettingJson.h */,
				049E2C881B046FD90037FF21 /* OffScreenImage.h */,
				049E2C891B046FD90037FF21 /* OffScreenImage.mm */,
				049E2C8A1B046FD90037FF21 /* PlatformManager.h */,
				049E2C8B1B046FD90037FF21 /* PlatformManager.mm */,
				049E2C8C1B046FD90037FF21 /* SimpleImage.h */,
				049E2C8D1B046FD90037FF21 /* SimpleImage.mm */,
				049E2C8E1B046FD90037FF21 /* TouchManager.h */,
				049E2C8F1B046FD90037FF21 /* TouchManager.mm */,
			);
			name = utils;
			path = Live2d/utils;
			sourceTree = "<group>";
		};
		049E2C9E1B0470DF0037FF21 /* Live2d */ = {
			isa = PBXGroup;
			children = (
				049E2C9F1B04728F0037FF21 /* live2d */,
			);
			name = Live2d;
			sourceTree = "<group>";
		};
		04D3533F1B044D7D00A9CDAF = {
			isa = PBXGroup;
			children = (
				049E2C471B046DEF0037FF21 /* Resource */,
				04D3534A1B044D7D00A9CDAF /* We_Date */,
				04D353641B044D7D00A9CDAF /* We_DateTests */,
				04D353491B044D7D00A9CDAF /* Products */,
				DEC30600FDE538B8F975BEC0 /* Pods */,
				E9E5709B1F4449D1BB5E334E /* Frameworks */,
			);
			sourceTree = "<group>";
		};
		04D353491B044D7D00A9CDAF /* Products */ = {
			isa = PBXGroup;
			children = (
				04D353481B044D7D00A9CDAF /* We_Date.app */,
				04D353611B044D7D00A9CDAF /* We_DateTests.xctest */,
			);
			name = Products;
			sourceTree = "<group>";
		};
		04D3534A1B044D7D00A9CDAF /* We_Date */ = {
			isa = PBXGroup;
			children = (
				049E2C431B0457EC0037FF21 /* AppDelegate */,
				04D353521B044D7D00A9CDAF /* ViewController.h */,
				04D353531B044D7D00A9CDAF /* ViewController.m */,
				04D3534B1B044D7D00A9CDAF /* Supporting Files */,
			);
			path = We_Date;
			sourceTree = "<group>";
		};
		04D3534B1B044D7D00A9CDAF /* Supporting Files */ = {
			isa = PBXGroup;
			children = (
				04D353551B044D7D00A9CDAF /* Main.storyboard */,
				04D353581B044D7D00A9CDAF /* Images.xcassets */,
				04D3534C1B044D7D00A9CDAF /* Info.plist */,
				04D3534D1B044D7D00A9CDAF /* main.m */,
				049E2C9D1B0470250037FF21 /* We_Date-Prefix.pch */,
			);
			name = "Supporting Files";
			sourceTree = "<group>";
		};
		04D353641B044D7D00A9CDAF /* We_DateTests */ = {
			isa = PBXGroup;
			children = (
				04D353671B044D7D00A9CDAF /* We_DateTests.m */,
				04D353651B044D7D00A9CDAF /* Supporting Files */,
			);
			path = We_DateTests;
			sourceTree = "<group>";
		};
		04D353651B044D7D00A9CDAF /* Supporting Files */ = {
			isa = PBXGroup;
			children = (
				04D353661B044D7D00A9CDAF /* Info.plist */,
			);
			name = "Supporting Files";
			sourceTree = "<group>";
		};
		DEC30600FDE538B8F975BEC0 /* Pods */ = {
			isa = PBXGroup;
			children = (
				A8543172D1A7A00B320C1440 /* Pods-We_Date.debug.xcconfig */,
				95D1C0F3E9D96F758ECFA0DC /* Pods-We_Date.release.xcconfig */,
			);
			name = Pods;
			sourceTree = "<group>";
		};
		E9E5709B1F4449D1BB5E334E /* Frameworks */ = {
			isa = PBXGroup;
			children = (
				1FC3D1A2F7CF1A7909A602FA /* libPods-We_Date.a */,
			);
			name = Frameworks;
			sourceTree = "<group>";
		};
/* End PBXGroup section */

/* Begin PBXNativeTarget section */
		04D353471B044D7D00A9CDAF /* We_Date */ = {
			isa = PBXNativeTarget;
			buildConfigurationList = 04D3536B1B044D7D00A9CDAF /* Build configuration list for PBXNativeTarget "We_Date" */;
			buildPhases = (
				5B24F7A9C5D949B35DF2E351 /* Check Pods Manifest.lock */,
				04D353441B044D7D00A9CDAF /* Sources */,
				04D353451B044D7D00A9CDAF /* Frameworks */,
				04D353461B044D7D00A9CDAF /* Resources */,
				0D1BDF8A9EAC08D2101A6202 /* Copy Pods Resources */,
			);
			buildRules = (
			);
			dependencies = (
			);
			name = We_Date;
			productName = We_Date;
			productReference = 04D353481B044D7D00A9CDAF /* We_Date.app */;
			productType = "com.apple.product-type.application";
		};
		04D353601B044D7D00A9CDAF /* We_DateTests */ = {
			isa = PBXNativeTarget;
			buildConfigurationList = 04D3536E1B044D7D00A9CDAF /* Build configuration list for PBXNativeTarget "We_DateTests" */;
			buildPhases = (
				04D3535D1B044D7D00A9CDAF /* Sources */,
				04D3535E1B044D7D00A9CDAF /* Frameworks */,
				04D3535F1B044D7D00A9CDAF /* Resources */,
			);
			buildRules = (
			);
			dependencies = (
				04D353631B044D7D00A9CDAF /* PBXTargetDependency */,
			);
			name = We_DateTests;
			productName = We_DateTests;
			productReference = 04D353611B044D7D00A9CDAF /* We_DateTests.xctest */;
			productType = "com.apple.product-type.bundle.unit-test";
		};
/* End PBXNativeTarget section */

/* Begin PBXProject section */
		04D353401B044D7D00A9CDAF /* Project object */ = {
			isa = PBXProject;
			attributes = {
				LastUpgradeCheck = 0620;
				ORGANIZATIONNAME = "梁臣";
				TargetAttributes = {
					04D353471B044D7D00A9CDAF = {
						CreatedOnToolsVersion = 6.2;
					};
					04D353601B044D7D00A9CDAF = {
						CreatedOnToolsVersion = 6.2;
						TestTargetID = 04D353471B044D7D00A9CDAF;
					};
				};
			};
			buildConfigurationList = 04D353431B044D7D00A9CDAF /* Build configuration list for PBXProject "We_Date" */;
			compatibilityVersion = "Xcode 3.2";
			developmentRegion = English;
			hasScannedForEncodings = 0;
			knownRegions = (
				en,
				Base,
			);
			mainGroup = 04D3533F1B044D7D00A9CDAF;
			productRefGroup = 04D353491B044D7D00A9CDAF /* Products */;
			projectDirPath = "";
			projectRoot = "";
			targets = (
				04D353471B044D7D00A9CDAF /* We_Date */,
				04D353601B044D7D00A9CDAF /* We_DateTests */,
			);
		};
/* End PBXProject section */

/* Begin PBXResourcesBuildPhase section */
		04D353461B044D7D00A9CDAF /* Resources */ = {
			isa = PBXResourcesBuildPhase;
			buildActionMask = 2147483647;
			files = (
				04D353571B044D7D00A9CDAF /* Main.storyboard in Resources */,
				049E2CA01B04728F0037FF21 /* live2d in Resources */,
				04D353591B044D7D00A9CDAF /* Images.xcassets in Resources */,
			);
			runOnlyForDeploymentPostprocessing = 0;
		};
		04D3535F1B044D7D00A9CDAF /* Resources */ = {
			isa = PBXResourcesBuildPhase;
			buildActionMask = 2147483647;
			files = (
			);
			runOnlyForDeploymentPostprocessing = 0;
		};
/* End PBXResourcesBuildPhase section */

/* Begin PBXShellScriptBuildPhase section */
		0D1BDF8A9EAC08D2101A6202 /* Copy Pods Resources */ = {
			isa = PBXShellScriptBuildPhase;
			buildActionMask = 2147483647;
			files = (
			);
			inputPaths = (
			);
			name = "Copy Pods Resources";
			outputPaths = (
			);
			runOnlyForDeploymentPostprocessing = 0;
			shellPath = /bin/sh;
			shellScript = "\"${SRCROOT}/Pods/Target Support Files/Pods-We_Date/Pods-We_Date-resources.sh\"\n";
			showEnvVarsInLog = 0;
		};
		5B24F7A9C5D949B35DF2E351 /* Check Pods Manifest.lock */ = {
			isa = PBXShellScriptBuildPhase;
			buildActionMask = 2147483647;
			files = (
			);
			inputPaths = (
			);
			name = "Check Pods Manifest.lock";
			outputPaths = (
			);
			runOnlyForDeploymentPostprocessing = 0;
			shellPath = /bin/sh;
			shellScript = "diff \"${PODS_ROOT}/../Podfile.lock\" \"${PODS_ROOT}/Manifest.lock\" > /dev/null\nif [[ $? != 0 ]] ; then\n    cat << EOM\nerror: The sandbox is not in sync with the Podfile.lock. Run 'pod install' or update your CocoaPods installation.\nEOM\n    exit 1\nfi\n";
			showEnvVarsInLog = 0;
		};
/* End PBXShellScriptBuildPhase section */

/* Begin PBXSourcesBuildPhase section */
		04D353441B044D7D00A9CDAF /* Sources */ = {
			isa = PBXSourcesBuildPhase;
			buildActionMask = 2147483647;
			files = (
				049E2C961B046FD90037FF21 /* AccelHelper.mm in Sources */,
				04D353541B044D7D00A9CDAF /* ViewController.m in Sources */,
				049E2C461B0457EC0037FF21 /* WDAppDelegate.mm in Sources */,
				049E2C9B1B046FD90037FF21 /* SimpleImage.mm in Sources */,
				049E2C6B1B046E8C0037FF21 /* L2DTargetPoint.cpp in Sources */,
				049E2C9C1B046FD90037FF21 /* TouchManager.mm in Sources */,
				049E2C6E1B046E8C0037FF21 /* Live2DFramework.cpp in Sources */,
				049E2C641B046E8C0037FF21 /* L2DExpressionMotion.cpp in Sources */,
				049E2C981B046FD90037FF21 /* IPhoneUtil.mm in Sources */,
				049E2C6D1B046E8C0037FF21 /* L2DViewMatrix.cpp in Sources */,
				049E2C681B046E8C0037FF21 /* L2DMotionManager.cpp in Sources */,
				049E2C671B046E8C0037FF21 /* L2DModelMatrix.cpp in Sources */,
				049E2C6A1B046E8C0037FF21 /* L2DPose.cpp in Sources */,
				049E2C651B046E8C0037FF21 /* L2DEyeBlink.cpp in Sources */,
				049E2C951B046FD90037FF21 /* LAppView.mm in Sources */,
				049E2C691B046E8C0037FF21 /* L2DPhysics.cpp in Sources */,
				049E2C941B046FD90037FF21 /* LAppTextureDesc.mm in Sources */,
				049E2C971B046FD90037FF21 /* FileManager.mm in Sources */,
				049E2C9A1B046FD90037FF21 /* PlatformManager.mm in Sources */,
				04D3534E1B044D7D00A9CDAF /* main.m in Sources */,
				049E2C661B046E8C0037FF21 /* L2DMatrix44.cpp in Sources */,
				049E2C631B046E8C0037FF21 /* L2DBaseModel.cpp in Sources */,
				049E2C6C1B046E8C0037FF21 /* L2DTextureDesc.cpp in Sources */,
				049E2C991B046FD90037FF21 /* OffScreenImage.mm in Sources */,
				049E2C931B046FD90037FF21 /* LAppRenderer.mm in Sources */,
				049E2C901B046FD90037FF21 /* DELive2dViewController.mm in Sources */,
				049E2C921B046FD90037FF21 /* LAppModel.mm in Sources */,
				049E2C911B046FD90037FF21 /* LAppLive2DManager.mm in Sources */,
			);
			runOnlyForDeploymentPostprocessing = 0;
		};
		04D3535D1B044D7D00A9CDAF /* Sources */ = {
			isa = PBXSourcesBuildPhase;
			buildActionMask = 2147483647;
			files = (
				04D353681B044D7D00A9CDAF /* We_DateTests.m in Sources */,
			);
			runOnlyForDeploymentPostprocessing = 0;
		};
/* End PBXSourcesBuildPhase section */

/* Begin PBXTargetDependency section */
		04D353631B044D7D00A9CDAF /* PBXTargetDependency */ = {
			isa = PBXTargetDependency;
			target = 04D353471B044D7D00A9CDAF /* We_Date */;
			targetProxy = 04D353621B044D7D00A9CDAF /* PBXContainerItemProxy */;
		};
/* End PBXTargetDependency section */

/* Begin PBXVariantGroup section */
		04D353551B044D7D00A9CDAF /* Main.storyboard */ = {
			isa = PBXVariantGroup;
			children = (
				04D353561B044D7D00A9CDAF /* Base */,
			);
			name = Main.storyboard;
			sourceTree = "<group>";
		};
/* End PBXVariantGroup section */

/* Begin XCBuildConfiguration section */
		04D353691B044D7D00A9CDAF /* Debug */ = {
			isa = XCBuildConfiguration;
			buildSettings = {
				ALWAYS_SEARCH_USER_PATHS = NO;
				CLANG_CXX_LANGUAGE_STANDARD = "gnu++0x";
				CLANG_CXX_LIBRARY = "libc++";
				CLANG_ENABLE_MODULES = YES;
				CLANG_ENABLE_OBJC_ARC = YES;
				CLANG_WARN_BOOL_CONVERSION = YES;
				CLANG_WARN_CONSTANT_CONVERSION = YES;
				CLANG_WARN_DIRECT_OBJC_ISA_USAGE = YES_ERROR;
				CLANG_WARN_EMPTY_BODY = YES;
				CLANG_WARN_ENUM_CONVERSION = YES;
				CLANG_WARN_INT_CONVERSION = YES;
				CLANG_WARN_OBJC_ROOT_CLASS = YES_ERROR;
				CLANG_WARN_UNREACHABLE_CODE = YES;
				CLANG_WARN__DUPLICATE_METHOD_MATCH = YES;
				"CODE_SIGN_IDENTITY[sdk=iphoneos*]" = "iPhone Developer";
				COPY_PHASE_STRIP = NO;
				ENABLE_STRICT_OBJC_MSGSEND = YES;
				GCC_C_LANGUAGE_STANDARD = gnu99;
				GCC_DYNAMIC_NO_PIC = NO;
				GCC_OPTIMIZATION_LEVEL = 0;
				GCC_PREPROCESSOR_DEFINITIONS = (
					"DEBUG=1",
					"$(inherited)",
				);
				GCC_SYMBOLS_PRIVATE_EXTERN = NO;
				GCC_WARN_64_TO_32_BIT_CONVERSION = YES;
				GCC_WARN_ABOUT_RETURN_TYPE = YES_ERROR;
				GCC_WARN_UNDECLARED_SELECTOR = YES;
				GCC_WARN_UNINITIALIZED_AUTOS = YES_AGGRESSIVE;
				GCC_WARN_UNUSED_FUNCTION = YES;
				GCC_WARN_UNUSED_VARIABLE = YES;
				IPHONEOS_DEPLOYMENT_TARGET = 8.2;
				MTL_ENABLE_DEBUG_INFO = YES;
				ONLY_ACTIVE_ARCH = YES;
				SDKROOT = iphoneos;
			};
			name = Debug;
		};
		04D3536A1B044D7D00A9CDAF /* Release */ = {
			isa = XCBuildConfiguration;
			buildSettings = {
				ALWAYS_SEARCH_USER_PATHS = NO;
				CLANG_CXX_LANGUAGE_STANDARD = "gnu++0x";
				CLANG_CXX_LIBRARY = "libc++";
				CLANG_ENABLE_MODULES = YES;
				CLANG_ENABLE_OBJC_ARC = YES;
				CLANG_WARN_BOOL_CONVERSION = YES;
				CLANG_WARN_CONSTANT_CONVERSION = YES;
				CLANG_WARN_DIRECT_OBJC_ISA_USAGE = YES_ERROR;
				CLANG_WARN_EMPTY_BODY = YES;
				CLANG_WARN_ENUM_CONVERSION = YES;
				CLANG_WARN_INT_CONVERSION = YES;
				CLANG_WARN_OBJC_ROOT_CLASS = YES_ERROR;
				CLANG_WARN_UNREACHABLE_CODE = YES;
				CLANG_WARN__DUPLICATE_METHOD_MATCH = YES;
				"CODE_SIGN_IDENTITY[sdk=iphoneos*]" = "iPhone Developer";
				COPY_PHASE_STRIP = NO;
				ENABLE_NS_ASSERTIONS = NO;
				ENABLE_STRICT_OBJC_MSGSEND = YES;
				GCC_C_LANGUAGE_STANDARD = gnu99;
				GCC_WARN_64_TO_32_BIT_CONVERSION = YES;
				GCC_WARN_ABOUT_RETURN_TYPE = YES_ERROR;
				GCC_WARN_UNDECLARED_SELECTOR = YES;
				GCC_WARN_UNINITIALIZED_AUTOS = YES_AGGRESSIVE;
				GCC_WARN_UNUSED_FUNCTION = YES;
				GCC_WARN_UNUSED_VARIABLE = YES;
				IPHONEOS_DEPLOYMENT_TARGET = 8.2;
				MTL_ENABLE_DEBUG_INFO = NO;
				SDKROOT = iphoneos;
				VALIDATE_PRODUCT = YES;
			};
			name = Release;
		};
		04D3536C1B044D7D00A9CDAF /* Debug */ = {
			isa = XCBuildConfiguration;
			baseConfigurationReference = A8543172D1A7A00B320C1440 /* Pods-We_Date.debug.xcconfig */;
			buildSettings = {
				ASSETCATALOG_COMPILER_APPICON_NAME = AppIcon;
				ASSETCATALOG_COMPILER_LAUNCHIMAGE_NAME = LaunchImage;
				GCC_PRECOMPILE_PREFIX_HEADER = YES;
				GCC_PREFIX_HEADER = "We_Date/We_Date-Prefix.pch";
				GCC_PREPROCESSOR_DEFINITIONS = (
					"$(inherited)",
					"COCOAPODS=1",
					L2D_TARGET_IPHONE,
				);
				INFOPLIST_FILE = We_Date/Info.plist;
				LD_RUNPATH_SEARCH_PATHS = "$(inherited) @executable_path/Frameworks";
				LIBRARY_SEARCH_PATHS = "$(SRCROOT)/Live2d/lib/$(CONFIGURATION)-$(PLATFORM_NAME)";
				OTHER_LDFLAGS = (
					"-all_load",
					"-lLive2D",
				);
				PRODUCT_NAME = "$(TARGET_NAME)";
				USER_HEADER_SEARCH_PATHS = "$(SRCROOT)/Live2d/include";
			};
			name = Debug;
		};
		04D3536D1B044D7D00A9CDAF /* Release */ = {
			isa = XCBuildConfiguration;
			baseConfigurationReference = 95D1C0F3E9D96F758ECFA0DC /* Pods-We_Date.release.xcconfig */;
			buildSettings = {
				ASSETCATALOG_COMPILER_APPICON_NAME = AppIcon;
				ASSETCATALOG_COMPILER_LAUNCHIMAGE_NAME = LaunchImage;
				GCC_PRECOMPILE_PREFIX_HEADER = YES;
				GCC_PREFIX_HEADER = "We_Date/We_Date-Prefix.pch";
				GCC_PREPROCESSOR_DEFINITIONS = (
					"$(inherited)",
					"COCOAPODS=1",
					L2D_TARGET_IPHONE,
				);
				INFOPLIST_FILE = We_Date/Info.plist;
				LD_RUNPATH_SEARCH_PATHS = "$(inherited) @executable_path/Frameworks";
				LIBRARY_SEARCH_PATHS = "$(SRCROOT)/Live2d/lib/$(CONFIGURATION)-$(PLATFORM_NAME)";
				OTHER_LDFLAGS = (
					"-all_load",
					"-lLive2D",
				);
				PRODUCT_NAME = "$(TARGET_NAME)";
				USER_HEADER_SEARCH_PATHS = "$(SRCROOT)/Live2d/include";
			};
			name = Release;
		};
		04D3536F1B044D7D00A9CDAF /* Debug */ = {
			isa = XCBuildConfiguration;
			buildSettings = {
				BUNDLE_LOADER = "$(TEST_HOST)";
				FRAMEWORK_SEARCH_PATHS = (
					"$(SDKROOT)/Developer/Library/Frameworks",
					"$(inherited)",
				);
				GCC_PREPROCESSOR_DEFINITIONS = (
					"DEBUG=1",
					"$(inherited)",
				);
				INFOPLIST_FILE = We_DateTests/Info.plist;
				LD_RUNPATH_SEARCH_PATHS = "$(inherited) @executable_path/Frameworks @loader_path/Frameworks";
				PRODUCT_NAME = "$(TARGET_NAME)";
				TEST_HOST = "$(BUILT_PRODUCTS_DIR)/We_Date.app/We_Date";
			};
			name = Debug;
		};
		04D353701B044D7D00A9CDAF /* Release */ = {
			isa = XCBuildConfiguration;
			buildSettings = {
				BUNDLE_LOADER = "$(TEST_HOST)";
				FRAMEWORK_SEARCH_PATHS = (
					"$(SDKROOT)/Developer/Library/Frameworks",
					"$(inherited)",
				);
				INFOPLIST_FILE = We_DateTests/Info.plist;
				LD_RUNPATH_SEARCH_PATHS = "$(inherited) @executable_path/Frameworks @loader_path/Frameworks";
				PRODUCT_NAME = "$(TARGET_NAME)";
				TEST_HOST = "$(BUILT_PRODUCTS_DIR)/We_Date.app/We_Date";
			};
			name = Release;
		};
/* End XCBuildConfiguration section */

/* Begin XCConfigurationList section */
		04D353431B044D7D00A9CDAF /* Build configuration list for PBXProject "We_Date" */ = {
			isa = XCConfigurationList;
			buildConfigurations = (
				04D353691B044D7D00A9CDAF /* Debug */,
				04D3536A1B044D7D00A9CDAF /* Release */,
			);
			defaultConfigurationIsVisible = 0;
			defaultConfigurationName = Release;
		};
		04D3536B1B044D7D00A9CDAF /* Build configuration list for PBXNativeTarget "We_Date" */ = {
			isa = XCConfigurationList;
			buildConfigurations = (
				04D3536C1B044D7D00A9CDAF /* Debug */,
				04D3536D1B044D7D00A9CDAF /* Release */,
			);
			defaultConfigurationIsVisible = 0;
			defaultConfigurationName = Release;
		};
		04D3536E1B044D7D00A9CDAF /* Build configuration list for PBXNativeTarget "We_DateTests" */ = {
			isa = XCConfigurationList;
			buildConfigurations = (
				04D3536F1B044D7D00A9CDAF /* Debug */,
				04D353701B044D7D00A9CDAF /* Release */,
			);
			defaultConfigurationIsVisible = 0;
			defaultConfigurationName = Release;
		};
/* End XCConfigurationList section */
	};
	rootObject = 04D353401B044D7D00A9CDAF /* Project object */;
}
